
Microsoft Visual Studio Solution File, Format Version 12.00
# Visual Studio Version 16
VisualStudioVersion = 16.0.30114.105
MinimumVisualStudioVersion = 10.0.40219.1
Project("{FAE04EC0-301F-11D3-BF4B-00C04F79EFBC}") = "Fun.Focus", "Fun.Focus\Fun.Focus.csproj", "{F05A241B-68D5-468E-AC7C-005C10A71FF6}"
EndProject
Global
	GlobalSection(SolutionConfigurationPlatforms) = preSolution
		Debug|Any CPU = Debug|Any CPU
		Release|Any CPU = Release|Any CPU
	EndGlobalSection
	GlobalSection(SolutionProperties) = preSolution
		HideSolutionNode = FALSE
	EndGlobalSection
	GlobalSection(ProjectConfigurationPlatforms) = postSolution
		{F05A241B-68D5-468E-AC7C-005C10A71FF6}.Debug|Any CPU.ActiveCfg = Debug|Any CPU
		{F05A241B-68D5-468E-AC7C-005C10A71FF6}.Debug|Any CPU.Build.0 = Debug|Any CPU
		{F05A241B-68D5-468E-AC7C-005C10A71FF6}.Release|Any CPU.ActiveCfg = Release|Any CPU
		{F05A241B-68D5-468E-AC7C-005C10A71FF6}.Release|Any CPU.Build.0 = Release|Any CPU
	EndGlobalSection
EndGlobal
